{
  "name": "hbd",
  "lockfileVersion": 3,
  "requires": true,
  "packages": {
    "": {
      "dependencies": {
        "jsm": "^0.0.1"
      }
    },
    "node_modules/concentrate": {
      "version": "0.2.3",
      "resolved": "https://registry.npmjs.org/concentrate/-/concentrate-0.2.3.tgz",
      "integrity": "sha512-/xV7k8DKX8OkwrBH0lMI94npxSv5wOClzVhZ09QmH/qQARogrxmiZ81jYexzsUeMzd6DAjJ2zNgcjqsN+WiLbw==",
      "engines": {
        "node": "~0.10.0"
      }
    },
    "node_modules/jsm": {
      "version": "0.0.1",
      "resolved": "https://registry.npmjs.org/jsm/-/jsm-0.0.1.tgz",
      "integrity": "sha512-u5vetjuBWMZ38ftBU52Uv1D+1XxrXLeR4uCdBc9Z+jGSnrQhOYzerWZEe48iHy7L62J5MtgkpQ7PGy/A7MzHiQ==",
      "dependencies": {
        "concentrate": "~0.2.2"
      },
      "bin": {
        "jsm-assemble": "bin/assemble.js",
        "jsm-execute": "bin/execute.js"
      }
    }
  }
}
